
Microsoft Visual Studio Solution File, Format Version 12.00
# Blend for Visual Studio Version 17
VisualStudioVersion = 17.0.32112.339
MinimumVisualStudioVersion = 10.0.40219.1
Project("{FAE04EC0-301F-11D3-BF4B-00C04F79EFBC}") = "item list", "item list.csproj", "{C4BCCC3B-9DAD-40BD-9BAB-09CAD9F4CCCF}"
EndProject
Global
	GlobalSection(SolutionConfigurationPlatforms) = preSolution
		Debug|Any CPU = Debug|Any CPU
		Release|Any CPU = Release|Any CPU
	EndGlobalSection
	GlobalSection(ProjectConfigurationPlatforms) = postSolution
		{C4BCCC3B-9DAD-40BD-9BAB-09CAD9F4CCCF}.Debug|Any CPU.ActiveCfg = Debug|Any CPU
		{C4BCCC3B-9DAD-40BD-9BAB-09CAD9F4CCCF}.Debug|Any CPU.Build.0 = Debug|Any CPU
		{C4BCCC3B-9DAD-40BD-9BAB-09CAD9F4CCCF}.Release|Any CPU.ActiveCfg = Release|Any CPU
		{C4BCCC3B-9DAD-40BD-9BAB-09CAD9F4CCCF}.Release|Any CPU.Build.0 = Release|Any CPU
	EndGlobalSection
	GlobalSection(SolutionProperties) = preSolution
		HideSolutionNode = FALSE
	EndGlobalSection
	GlobalSection(ExtensibilityGlobals) = postSolution
		SolutionGuid = {A2A9436C-63B3-4E69-8B5A-93A906451424}
	EndGlobalSection
EndGlobal
